
Microsoft Visual Studio Solution File, Format Version 12.00
# Visual Studio 14
VisualStudioVersion = 14.0.25420.1
MinimumVisualStudioVersion = 10.0.40219.1
Project("{FAE04EC0-301F-11D3-BF4B-00C04F79EFBC}") = "JunkDemos", "JunkDemos\JunkDemos.csproj", "{C59B80B5-E0D2-44FD-AB89-3A3EBE32794B}"
EndProject
Project("{FAE04EC0-301F-11D3-BF4B-00C04F79EFBC}") = "UnitTestProject1", "UnitTestProject1\UnitTestProject1.csproj", "{C888047D-8314-4601-B25C-86E3A53D6052}"
EndProject
Global
	GlobalSection(SolutionConfigurationPlatforms) = preSolution
		Debug|Any CPU = Debug|Any CPU
		Release|Any CPU = Release|Any CPU
	EndGlobalSection
	GlobalSection(ProjectConfigurationPlatforms) = postSolution
		{C59B80B5-E0D2-44FD-AB89-3A3EBE32794B}.Debug|Any CPU.ActiveCfg = Debug|Any CPU
		{C59B80B5-E0D2-44FD-AB89-3A3EBE32794B}.Debug|Any CPU.Build.0 = Debug|Any CPU
		{C59B80B5-E0D2-44FD-AB89-3A3EBE32794B}.Release|Any CPU.ActiveCfg = Release|Any CPU
		{C59B80B5-E0D2-44FD-AB89-3A3EBE32794B}.Release|Any CPU.Build.0 = Release|Any CPU
		{C888047D-8314-4601-B25C-86E3A53D6052}.Debug|Any CPU.ActiveCfg = Debug|Any CPU
		{C888047D-8314-4601-B25C-86E3A53D6052}.Debug|Any CPU.Build.0 = Debug|Any CPU
		{C888047D-8314-4601-B25C-86E3A53D6052}.Release|Any CPU.ActiveCfg = Release|Any CPU
		{C888047D-8314-4601-B25C-86E3A53D6052}.Release|Any CPU.Build.0 = Release|Any CPU
	EndGlobalSection
	GlobalSection(SolutionProperties) = preSolution
		HideSolutionNode = FALSE
	EndGlobalSection
EndGlobal
