
Microsoft Visual Studio Solution File, Format Version 12.00
# Visual Studio 14
VisualStudioVersion = 14.0.25420.1
MinimumVisualStudioVersion = 10.0.40219.1
Project("{FAE04EC0-301F-11D3-BF4B-00C04F79EFBC}") = "EncryptsDecryptsDemo", "EncryptsDecryptsDemo\EncryptsDecryptsDemo.csproj", "{26D57002-5CDF-4B19-98B6-A626450EED12}"
EndProject
Project("{FAE04EC0-301F-11D3-BF4B-00C04F79EFBC}") = "EncryptDecryptClassLibrary1", "EncryptDecryptClassLibrary1\EncryptDecryptClassLibrary1.csproj", "{84A0C643-F5C1-4863-88AD-200F4BDFB9CB}"
EndProject
Global
	GlobalSection(SolutionConfigurationPlatforms) = preSolution
		Debug|Any CPU = Debug|Any CPU
		Release|Any CPU = Release|Any CPU
	EndGlobalSection
	GlobalSection(ProjectConfigurationPlatforms) = postSolution
		{26D57002-5CDF-4B19-98B6-A626450EED12}.Debug|Any CPU.ActiveCfg = Debug|Any CPU
		{26D57002-5CDF-4B19-98B6-A626450EED12}.Debug|Any CPU.Build.0 = Debug|Any CPU
		{26D57002-5CDF-4B19-98B6-A626450EED12}.Release|Any CPU.ActiveCfg = Release|Any CPU
		{26D57002-5CDF-4B19-98B6-A626450EED12}.Release|Any CPU.Build.0 = Release|Any CPU
		{84A0C643-F5C1-4863-88AD-200F4BDFB9CB}.Debug|Any CPU.ActiveCfg = Debug|Any CPU
		{84A0C643-F5C1-4863-88AD-200F4BDFB9CB}.Debug|Any CPU.Build.0 = Debug|Any CPU
		{84A0C643-F5C1-4863-88AD-200F4BDFB9CB}.Release|Any CPU.ActiveCfg = Release|Any CPU
		{84A0C643-F5C1-4863-88AD-200F4BDFB9CB}.Release|Any CPU.Build.0 = Release|Any CPU
	EndGlobalSection
	GlobalSection(SolutionProperties) = preSolution
		HideSolutionNode = FALSE
	EndGlobalSection
EndGlobal
